# This file is automatically @generated by Cargo.
# It is not intended for manual editing.
version = 4

[[package]]
name = "mycelium-cli-common"
version = "0.464.0"
source = "git+https://github.com/tzervas/mycelium-cli-common?rev=c673fafdd1bcecb713e3560689af6ab152033867#c673fafdd1bcecb713e3560689af6ab152033867"

[[package]]
name = "mycelium-sec"
version = "0.464.0"
dependencies = [
 "mycelium-cli-common",
]
